Microsoft Visual Studio Solution File, Format Version 11.00
# Visual Studio 2008

Project("{1A7FFEF9-D787-FC7D-1941-D7DC7A77B688}") = "LudoGame", "Assembly-CSharp-vs.csproj", "{12D96CC1-D5B6-634B-4266-EAF0B7138376}"
EndProject
Project("{1A7FFEF9-D787-FC7D-1941-D7DC7A77B688}") = "LudoGame", "Assembly-CSharp-Editor-vs.csproj", "{337BDECD-0D80-E7DE-6A2C-8732730EB5C1}"
EndProject
Global
	GlobalSection(SolutionConfigurationPlatforms) = preSolution
		Debug|Any CPU = Debug|Any CPU
		Release|Any CPU = Release|Any CPU
	EndGlobalSection
	GlobalSection(ProjectConfigurationPlatforms) = postSolution
		{12D96CC1-D5B6-634B-4266-EAF0B7138376}.Debug|Any CPU.ActiveCfg = Debug|Any CPU
		{12D96CC1-D5B6-634B-4266-EAF0B7138376}.Debug|Any CPU.Build.0 = Debug|Any CPU
		{12D96CC1-D5B6-634B-4266-EAF0B7138376}.Release|Any CPU.ActiveCfg = Release|Any CPU
		{12D96CC1-D5B6-634B-4266-EAF0B7138376}.Release|Any CPU.Build.0 = Release|Any CPU
		{337BDECD-0D80-E7DE-6A2C-8732730EB5C1}.Debug|Any CPU.ActiveCfg = Debug|Any CPU
		{337BDECD-0D80-E7DE-6A2C-8732730EB5C1}.Debug|Any CPU.Build.0 = Debug|Any CPU
		{337BDECD-0D80-E7DE-6A2C-8732730EB5C1}.Release|Any CPU.ActiveCfg = Release|Any CPU
		{337BDECD-0D80-E7DE-6A2C-8732730EB5C1}.Release|Any CPU.Build.0 = Release|Any CPU
	EndGlobalSection
	GlobalSection(SolutionProperties) = preSolution
		HideSolutionNode = FALSE
	EndGlobalSection
															GlobalSection(MonoDevelopProperties) = preSolution
		StartupItem = Assembly-CSharp.csproj
		Policies = $0
		$0.TextStylePolicy = $1
		$1.inheritsSet = null
		$1.scope = text/x-csharp
		$0.CSharpFormattingPolicy = $2
		$2.inheritsSet = Mono
		$2.inheritsScope = text/x-csharp
		$2.scope = text/x-csharp
		$0.TextStylePolicy = $3
		$3.FileWidth = 120
		$3.TabWidth = 4
		$3.IndentWidth = 4
		$3.EolMarker = Unix
		$3.inheritsSet = Mono
		$3.inheritsScope = text/plain
		$3.scope = text/plain
	EndGlobalSection

EndGlobal
